
Microsoft Visual Studio Solution File, Format Version 12.00
# Visual Studio Version 16
VisualStudioVersion = 16.0.29613.14
MinimumVisualStudioVersion = 10.0.40219.1
Project("{9A19103F-16F7-4668-BE54-9A1E7A4F7556}") = "FormulaEvaluator", "FormulaEvaluator\FormulaEvaluator.csproj", "{6319B403-9852-4DE2-8B4A-2AEDCAB6F237}"
EndProject
Project("{2150E333-8FDC-42A3-9474-1A3956D46DE8}") = "Solution Items", "Solution Items", "{A5ED7CE7-82FB-42E0-BB99-A6DC4684B47A}"
	ProjectSection(SolutionItems) = preProject
		README.txt = README.txt
	EndProjectSection
EndProject
Project("{9A19103F-16F7-4668-BE54-9A1E7A4F7556}") = "Test_The_Evaluator_Console_App", "Test_The_Evaluator_Console_App\Test_The_Evaluator_Console_App.csproj", "{CAB3B961-CB11-44F2-9981-F89A8E779F1E}"
EndProject
Project("{9A19103F-16F7-4668-BE54-9A1E7A4F7556}") = "DependencyGraph", "DependencyGraph\DependencyGraph.csproj", "{1A83166C-9D9E-4F38-82E7-74105FBA2A63}"
EndProject
Project("{9A19103F-16F7-4668-BE54-9A1E7A4F7556}") = "DependencyGraphTests", "DependencyGraphTests\DependencyGraphTests.csproj", "{62AC4845-A93E-49AF-B963-6AB4262DC74C}"
EndProject
Project("{9A19103F-16F7-4668-BE54-9A1E7A4F7556}") = "Formula", "Formula\Formula.csproj", "{66801EA5-6535-4321-AA00-9BB321566D25}"
EndProject
Project("{9A19103F-16F7-4668-BE54-9A1E7A4F7556}") = "FormulaTests", "FormulaTests\FormulaTests.csproj", "{D7B4B87A-B78E-452E-9BD3-C4517710AF73}"
EndProject
Project("{9A19103F-16F7-4668-BE54-9A1E7A4F7556}") = "Spreadsheet", "Spreadsheet\Spreadsheet.csproj", "{C98C5555-6FD9-4302-BC52-F8478318CE7C}"
EndProject
Project("{9A19103F-16F7-4668-BE54-9A1E7A4F7556}") = "SpreadsheetTests", "SpreadsheetTests\SpreadsheetTests.csproj", "{3F61DD16-7599-4DC0-A2E8-9673172C6048}"
EndProject
Project("{FAE04EC0-301F-11D3-BF4B-00C04F79EFBC}") = "Whiteboard", "Whiteboard\Whiteboard.csproj", "{2E35FB1A-C9AD-41B0-8DAE-490EDAA12A88}"
EndProject
Project("{9A19103F-16F7-4668-BE54-9A1E7A4F7556}") = "SpreadsheetGridWidget", "SpreadsheetGridWidget\SpreadsheetGridWidget.csproj", "{424A71DF-EAFF-4FCF-9203-2E6072C83471}"
EndProject
Project("{9A19103F-16F7-4668-BE54-9A1E7A4F7556}") = "SpreadsheetGUI", "GUI_Application\SpreadsheetGUI.csproj", "{C10E2D69-693E-45DE-B929-57146B5DFB26}"
EndProject
Project("{FAE04EC0-301F-11D3-BF4B-00C04F79EFBC}") = "GUI_Application_Framework", "GUI_Application_Framework\GUI_Application_Framework.csproj", "{7C4BCC7A-2050-4A02-A5A6-35189B975E86}"
EndProject
Project("{FAE04EC0-301F-11D3-BF4B-00C04F79EFBC}") = "SpreadsheetGridWidget_Framework", "SpreadsheetGridWidget_Framework\SpreadsheetGridWidget_Framework.csproj", "{835EA526-34AC-4825-A0DB-66FA55B596A3}"
EndProject
Global
	GlobalSection(SolutionConfigurationPlatforms) = preSolution
		Debug|Any CPU = Debug|Any CPU
		Release|Any CPU = Release|Any CPU
	EndGlobalSection
	GlobalSection(ProjectConfigurationPlatforms) = postSolution
		{6319B403-9852-4DE2-8B4A-2AEDCAB6F237}.Debug|Any CPU.ActiveCfg = Debug|Any CPU
		{6319B403-9852-4DE2-8B4A-2AEDCAB6F237}.Debug|Any CPU.Build.0 = Debug|Any CPU
		{6319B403-9852-4DE2-8B4A-2AEDCAB6F237}.Release|Any CPU.ActiveCfg = Release|Any CPU
		{6319B403-9852-4DE2-8B4A-2AEDCAB6F237}.Release|Any CPU.Build.0 = Release|Any CPU
		{CAB3B961-CB11-44F2-9981-F89A8E779F1E}.Debug|Any CPU.ActiveCfg = Debug|Any CPU
		{CAB3B961-CB11-44F2-9981-F89A8E779F1E}.Debug|Any CPU.Build.0 = Debug|Any CPU
		{CAB3B961-CB11-44F2-9981-F89A8E779F1E}.Release|Any CPU.ActiveCfg = Release|Any CPU
		{CAB3B961-CB11-44F2-9981-F89A8E779F1E}.Release|Any CPU.Build.0 = Release|Any CPU
		{1A83166C-9D9E-4F38-82E7-74105FBA2A63}.Debug|Any CPU.ActiveCfg = Debug|Any CPU
		{1A83166C-9D9E-4F38-82E7-74105FBA2A63}.Debug|Any CPU.Build.0 = Debug|Any CPU
		{1A83166C-9D9E-4F38-82E7-74105FBA2A63}.Release|Any CPU.ActiveCfg = Release|Any CPU
		{1A83166C-9D9E-4F38-82E7-74105FBA2A63}.Release|Any CPU.Build.0 = Release|Any CPU
		{62AC4845-A93E-49AF-B963-6AB4262DC74C}.Debug|Any CPU.ActiveCfg = Debug|Any CPU
		{62AC4845-A93E-49AF-B963-6AB4262DC74C}.Debug|Any CPU.Build.0 = Debug|Any CPU
		{62AC4845-A93E-49AF-B963-6AB4262DC74C}.Release|Any CPU.ActiveCfg = Release|Any CPU
		{62AC4845-A93E-49AF-B963-6AB4262DC74C}.Release|Any CPU.Build.0 = Release|Any CPU
		{66801EA5-6535-4321-AA00-9BB321566D25}.Debug|Any CPU.ActiveCfg = Debug|Any CPU
		{66801EA5-6535-4321-AA00-9BB321566D25}.Debug|Any CPU.Build.0 = Debug|Any CPU
		{66801EA5-6535-4321-AA00-9BB321566D25}.Release|Any CPU.ActiveCfg = Release|Any CPU
		{66801EA5-6535-4321-AA00-9BB321566D25}.Release|Any CPU.Build.0 = Release|Any CPU
		{D7B4B87A-B78E-452E-9BD3-C4517710AF73}.Debug|Any CPU.ActiveCfg = Debug|Any CPU
		{D7B4B87A-B78E-452E-9BD3-C4517710AF73}.Debug|Any CPU.Build.0 = Debug|Any CPU
		{D7B4B87A-B78E-452E-9BD3-C4517710AF73}.Release|Any CPU.ActiveCfg = Release|Any CPU
		{D7B4B87A-B78E-452E-9BD3-C4517710AF73}.Release|Any CPU.Build.0 = Release|Any CPU
		{C98C5555-6FD9-4302-BC52-F8478318CE7C}.Debug|Any CPU.ActiveCfg = Debug|Any CPU
		{C98C5555-6FD9-4302-BC52-F8478318CE7C}.Debug|Any CPU.Build.0 = Debug|Any CPU
		{C98C5555-6FD9-4302-BC52-F8478318CE7C}.Release|Any CPU.ActiveCfg = Release|Any CPU
		{C98C5555-6FD9-4302-BC52-F8478318CE7C}.Release|Any CPU.Build.0 = Release|Any CPU
		{3F61DD16-7599-4DC0-A2E8-9673172C6048}.Debug|Any CPU.ActiveCfg = Debug|Any CPU
		{3F61DD16-7599-4DC0-A2E8-9673172C6048}.Debug|Any CPU.Build.0 = Debug|Any CPU
		{3F61DD16-7599-4DC0-A2E8-9673172C6048}.Release|Any CPU.ActiveCfg = Release|Any CPU
		{3F61DD16-7599-4DC0-A2E8-9673172C6048}.Release|Any CPU.Build.0 = Release|Any CPU
		{2E35FB1A-C9AD-41B0-8DAE-490EDAA12A88}.Debug|Any CPU.ActiveCfg = Debug|Any CPU
		{2E35FB1A-C9AD-41B0-8DAE-490EDAA12A88}.Debug|Any CPU.Build.0 = Debug|Any CPU
		{2E35FB1A-C9AD-41B0-8DAE-490EDAA12A88}.Release|Any CPU.ActiveCfg = Release|Any CPU
		{2E35FB1A-C9AD-41B0-8DAE-490EDAA12A88}.Release|Any CPU.Build.0 = Release|Any CPU
		{424A71DF-EAFF-4FCF-9203-2E6072C83471}.Debug|Any CPU.ActiveCfg = Debug|Any CPU
		{424A71DF-EAFF-4FCF-9203-2E6072C83471}.Debug|Any CPU.Build.0 = Debug|Any CPU
		{424A71DF-EAFF-4FCF-9203-2E6072C83471}.Release|Any CPU.ActiveCfg = Release|Any CPU
		{424A71DF-EAFF-4FCF-9203-2E6072C83471}.Release|Any CPU.Build.0 = Release|Any CPU
		{C10E2D69-693E-45DE-B929-57146B5DFB26}.Debug|Any CPU.ActiveCfg = Debug|Any CPU
		{C10E2D69-693E-45DE-B929-57146B5DFB26}.Debug|Any CPU.Build.0 = Debug|Any CPU
		{C10E2D69-693E-45DE-B929-57146B5DFB26}.Release|Any CPU.ActiveCfg = Release|Any CPU
		{C10E2D69-693E-45DE-B929-57146B5DFB26}.Release|Any CPU.Build.0 = Release|Any CPU
		{7C4BCC7A-2050-4A02-A5A6-35189B975E86}.Debug|Any CPU.ActiveCfg = Debug|Any CPU
		{7C4BCC7A-2050-4A02-A5A6-35189B975E86}.Debug|Any CPU.Build.0 = Debug|Any CPU
		{7C4BCC7A-2050-4A02-A5A6-35189B975E86}.Release|Any CPU.ActiveCfg = Release|Any CPU
		{7C4BCC7A-2050-4A02-A5A6-35189B975E86}.Release|Any CPU.Build.0 = Release|Any CPU
		{835EA526-34AC-4825-A0DB-66FA55B596A3}.Debug|Any CPU.ActiveCfg = Debug|Any CPU
		{835EA526-34AC-4825-A0DB-66FA55B596A3}.Debug|Any CPU.Build.0 = Debug|Any CPU
		{835EA526-34AC-4825-A0DB-66FA55B596A3}.Release|Any CPU.ActiveCfg = Release|Any CPU
		{835EA526-34AC-4825-A0DB-66FA55B596A3}.Release|Any CPU.Build.0 = Release|Any CPU
	EndGlobalSection
	GlobalSection(SolutionProperties) = preSolution
		HideSolutionNode = FALSE
	EndGlobalSection
	GlobalSection(ExtensibilityGlobals) = postSolution
		SolutionGuid = {FBFC8AF5-6D11-41A6-BEE3-A7FBEF881EC5}
	EndGlobalSection
EndGlobal
