
Microsoft Visual Studio Solution File, Format Version 12.00
# Visual Studio Version 16
VisualStudioVersion = 16.0.29613.14
MinimumVisualStudioVersion = 10.0.40219.1
Project("{9A19103F-16F7-4668-BE54-9A1E7A4F7556}") = "FormulaEvaluator", "FormulaEvaluator\FormulaEvaluator.csproj", "{6319B403-9852-4DE2-8B4A-2AEDCAB6F237}"
EndProject
Project("{2150E333-8FDC-42A3-9474-1A3956D46DE8}") = "Solution Items", "Solution Items", "{A5ED7CE7-82FB-42E0-BB99-A6DC4684B47A}"
	ProjectSection(SolutionItems) = preProject
		README.txt = README.txt
	EndProjectSection
EndProject
Project("{9A19103F-16F7-4668-BE54-9A1E7A4F7556}") = "Test_The_Evaluator_Console_App", "Test_The_Evaluator_Console_App\Test_The_Evaluator_Console_App.csproj", "{CAB3B961-CB11-44F2-9981-F89A8E779F1E}"
EndProject
Project("{9A19103F-16F7-4668-BE54-9A1E7A4F7556}") = "DependencyGraph", "DependencyGraph\DependencyGraph.csproj", "{1A83166C-9D9E-4F38-82E7-74105FBA2A63}"
EndProject
Project("{9A19103F-16F7-4668-BE54-9A1E7A4F7556}") = "DependencyGraphTests", "DependencyGraphTests\DependencyGraphTests.csproj", "{62AC4845-A93E-49AF-B963-6AB4262DC74C}"
EndProject
Project("{9A19103F-16F7-4668-BE54-9A1E7A4F7556}") = "Formula", "Formula\Formula.csproj", "{66801EA5-6535-4321-AA00-9BB321566D25}"
EndProject
Project("{FAE04EC0-301F-11D3-BF4B-00C04F79EFBC}") = "FormulaTests", "FormulaTests\FormulaTests.csproj", "{D7B4B87A-B78E-452E-9BD3-C4517710AF73}"
EndProject
Global
	GlobalSection(SolutionConfigurationPlatforms) = preSolution
		Debug|Any CPU = Debug|Any CPU
		Release|Any CPU = Release|Any CPU
	EndGlobalSection
	GlobalSection(ProjectConfigurationPlatforms) = postSolution
		{6319B403-9852-4DE2-8B4A-2AEDCAB6F237}.Debug|Any CPU.ActiveCfg = Debug|Any CPU
		{6319B403-9852-4DE2-8B4A-2AEDCAB6F237}.Debug|Any CPU.Build.0 = Debug|Any CPU
		{6319B403-9852-4DE2-8B4A-2AEDCAB6F237}.Release|Any CPU.ActiveCfg = Release|Any CPU
		{6319B403-9852-4DE2-8B4A-2AEDCAB6F237}.Release|Any CPU.Build.0 = Release|Any CPU
		{CAB3B961-CB11-44F2-9981-F89A8E779F1E}.Debug|Any CPU.ActiveCfg = Debug|Any CPU
		{CAB3B961-CB11-44F2-9981-F89A8E779F1E}.Debug|Any CPU.Build.0 = Debug|Any CPU
		{CAB3B961-CB11-44F2-9981-F89A8E779F1E}.Release|Any CPU.ActiveCfg = Release|Any CPU
		{CAB3B961-CB11-44F2-9981-F89A8E779F1E}.Release|Any CPU.Build.0 = Release|Any CPU
		{1A83166C-9D9E-4F38-82E7-74105FBA2A63}.Debug|Any CPU.ActiveCfg = Debug|Any CPU
		{1A83166C-9D9E-4F38-82E7-74105FBA2A63}.Debug|Any CPU.Build.0 = Debug|Any CPU
		{1A83166C-9D9E-4F38-82E7-74105FBA2A63}.Release|Any CPU.ActiveCfg = Release|Any CPU
		{1A83166C-9D9E-4F38-82E7-74105FBA2A63}.Release|Any CPU.Build.0 = Release|Any CPU
		{62AC4845-A93E-49AF-B963-6AB4262DC74C}.Debug|Any CPU.ActiveCfg = Debug|Any CPU
		{62AC4845-A93E-49AF-B963-6AB4262DC74C}.Debug|Any CPU.Build.0 = Debug|Any CPU
		{62AC4845-A93E-49AF-B963-6AB4262DC74C}.Release|Any CPU.ActiveCfg = Release|Any CPU
		{62AC4845-A93E-49AF-B963-6AB4262DC74C}.Release|Any CPU.Build.0 = Release|Any CPU
		{66801EA5-6535-4321-AA00-9BB321566D25}.Debug|Any CPU.ActiveCfg = Debug|Any CPU
		{66801EA5-6535-4321-AA00-9BB321566D25}.Debug|Any CPU.Build.0 = Debug|Any CPU
		{66801EA5-6535-4321-AA00-9BB321566D25}.Release|Any CPU.ActiveCfg = Release|Any CPU
		{66801EA5-6535-4321-AA00-9BB321566D25}.Release|Any CPU.Build.0 = Release|Any CPU
		{D7B4B87A-B78E-452E-9BD3-C4517710AF73}.Debug|Any CPU.ActiveCfg = Debug|Any CPU
		{D7B4B87A-B78E-452E-9BD3-C4517710AF73}.Debug|Any CPU.Build.0 = Debug|Any CPU
		{D7B4B87A-B78E-452E-9BD3-C4517710AF73}.Release|Any CPU.ActiveCfg = Release|Any CPU
		{D7B4B87A-B78E-452E-9BD3-C4517710AF73}.Release|Any CPU.Build.0 = Release|Any CPU
	EndGlobalSection
	GlobalSection(SolutionProperties) = preSolution
		HideSolutionNode = FALSE
	EndGlobalSection
	GlobalSection(ExtensibilityGlobals) = postSolution
		SolutionGuid = {FBFC8AF5-6D11-41A6-BEE3-A7FBEF881EC5}
	EndGlobalSection
EndGlobal
