
Microsoft Visual Studio Solution File, Format Version 12.00
# Visual Studio Version 16
VisualStudioVersion = 16.0.29613.14
MinimumVisualStudioVersion = 10.0.40219.1
Project("{FAE04EC0-301F-11D3-BF4B-00C04F79EFBC}") = "FormulaEvaluator", "FormulaEvaluator\FormulaEvaluator.csproj", "{6319B403-9852-4DE2-8B4A-2AEDCAB6F237}"
EndProject
Global
	GlobalSection(SolutionConfigurationPlatforms) = preSolution
		Debug|Any CPU = Debug|Any CPU
		Release|Any CPU = Release|Any CPU
	EndGlobalSection
	GlobalSection(ProjectConfigurationPlatforms) = postSolution
		{6319B403-9852-4DE2-8B4A-2AEDCAB6F237}.Debug|Any CPU.ActiveCfg = Debug|Any CPU
		{6319B403-9852-4DE2-8B4A-2AEDCAB6F237}.Debug|Any CPU.Build.0 = Debug|Any CPU
		{6319B403-9852-4DE2-8B4A-2AEDCAB6F237}.Release|Any CPU.ActiveCfg = Release|Any CPU
		{6319B403-9852-4DE2-8B4A-2AEDCAB6F237}.Release|Any CPU.Build.0 = Release|Any CPU
	EndGlobalSection
	GlobalSection(SolutionProperties) = preSolution
		HideSolutionNode = FALSE
	EndGlobalSection
	GlobalSection(ExtensibilityGlobals) = postSolution
		SolutionGuid = {FBFC8AF5-6D11-41A6-BEE3-A7FBEF881EC5}
	EndGlobalSection
EndGlobal
